
Microsoft Visual Studio Solution File, Format Version 12.00
# Visual Studio Version 16
VisualStudioVersion = 16.0.30611.23
MinimumVisualStudioVersion = 10.0.40219.1
Project("{9A19103F-16F7-4668-BE54-9A1E7A4F7556}") = "Blog-App", "Blog-App.csproj", "{662459A3-3027-455F-ADB5-C98327436716}"
EndProject
Global
	GlobalSection(SolutionConfigurationPlatforms) = preSolution
		Debug|Any CPU = Debug|Any CPU
		Release|Any CPU = Release|Any CPU
	EndGlobalSection
	GlobalSection(ProjectConfigurationPlatforms) = postSolution
		{662459A3-3027-455F-ADB5-C98327436716}.Debug|Any CPU.ActiveCfg = Debug|Any CPU
		{662459A3-3027-455F-ADB5-C98327436716}.Debug|Any CPU.Build.0 = Debug|Any CPU
		{662459A3-3027-455F-ADB5-C98327436716}.Release|Any CPU.ActiveCfg = Release|Any CPU
		{662459A3-3027-455F-ADB5-C98327436716}.Release|Any CPU.Build.0 = Release|Any CPU
	EndGlobalSection
	GlobalSection(SolutionProperties) = preSolution
		HideSolutionNode = FALSE
	EndGlobalSection
	GlobalSection(ExtensibilityGlobals) = postSolution
		SolutionGuid = {6473FC46-64CC-4626-8B08-799BDEFA632E}
	EndGlobalSection
EndGlobal
